
Microsoft Visual Studio Solution File, Format Version 12.00
# Visual Studio 15
VisualStudioVersion = 15.0.28010.2041
MinimumVisualStudioVersion = 10.0.40219.1
Project("{E24C65DC-7377-472B-9ABA-BC803B73C61A}") = "APP MUNI LIMON", "APP MUNI LIMON\", "{95F64E08-6A36-4D40-93D2-0818F3F5D6A8}"
	ProjectSection(WebsiteProperties) = preProject
		TargetFrameworkMoniker = ".NETFramework,Version%3Dv4.6.1"
		Debug.AspNetCompiler.VirtualPath = "/localhost_61021"
		Debug.AspNetCompiler.PhysicalPath = "APP MUNI LIMON\"
		Debug.AspNetCompiler.TargetPath = "PrecompiledWeb\localhost_61021\"
		Debug.AspNetCompiler.Updateable = "true"
		Debug.AspNetCompiler.ForceOverwrite = "true"
		Debug.AspNetCompiler.FixedNames = "false"
		Debug.AspNetCompiler.Debug = "True"
		Release.AspNetCompiler.VirtualPath = "/localhost_61021"
		Release.AspNetCompiler.PhysicalPath = "APP MUNI LIMON\"
		Release.AspNetCompiler.TargetPath = "PrecompiledWeb\localhost_61021\"
		Release.AspNetCompiler.Updateable = "true"
		Release.AspNetCompiler.ForceOverwrite = "true"
		Release.AspNetCompiler.FixedNames = "false"
		Release.AspNetCompiler.Debug = "False"
		VWDPort = "61021"
		SlnRelativePath = "APP MUNI LIMON\"
		DefaultWebSiteLanguage = "Visual C#"
	EndProjectSection
EndProject
Global
	GlobalSection(SolutionConfigurationPlatforms) = preSolution
		Debug|Any CPU = Debug|Any CPU
		Release|Any CPU = Release|Any CPU
	EndGlobalSection
	GlobalSection(ProjectConfigurationPlatforms) = postSolution
		{95F64E08-6A36-4D40-93D2-0818F3F5D6A8}.Debug|Any CPU.ActiveCfg = Debug|Any CPU
		{95F64E08-6A36-4D40-93D2-0818F3F5D6A8}.Debug|Any CPU.Build.0 = Debug|Any CPU
		{95F64E08-6A36-4D40-93D2-0818F3F5D6A8}.Release|Any CPU.ActiveCfg = Debug|Any CPU
		{95F64E08-6A36-4D40-93D2-0818F3F5D6A8}.Release|Any CPU.Build.0 = Debug|Any CPU
	EndGlobalSection
	GlobalSection(SolutionProperties) = preSolution
		HideSolutionNode = FALSE
	EndGlobalSection
	GlobalSection(ExtensibilityGlobals) = postSolution
		SolutionGuid = {FF51EA70-DEA4-4043-B75F-0130A4077C1A}
	EndGlobalSection
EndGlobal
